# This file is automatically @generated by Cargo.
# It is not intended for manual editing.
version = 4

[[package]]
name = "embedded-hal"
version = "1.0.0"
source = "registry+https://github.com/rust-lang/crates.io-index"
checksum = "361a90feb7004eca4019fb28352a9465666b24f840f5c3cddf0ff13920590b89"

[[package]]
name = "example"
version = "0.1.0"
dependencies = [
 "embedded-hal",
 "motor-driver-hal",
 "rppal",
]

[[package]]
name = "libc"
version = "0.2.175"
source = "registry+https://github.com/rust-lang/crates.io-index"
checksum = "6a82ae493e598baaea5209805c49bbf2ea7de956d50d7da0da1164f9c6d28543"

[[package]]
name = "motor-driver-hal"
version = "0.1.0"
dependencies = [
 "embedded-hal",
 "nb",
]

[[package]]
name = "nb"
version = "1.1.0"
source = "registry+https://github.com/rust-lang/crates.io-index"
checksum = "8d5439c4ad607c3c23abf66de8c8bf57ba8adcd1f129e699851a6e43935d339d"

[[package]]
name = "rppal"
version = "0.22.1"
source = "registry+https://github.com/rust-lang/crates.io-index"
checksum = "c1ce3b019009cff02cb6b0e96e7cc2e5c5b90187dc1a490f8ef1521d0596b026"
dependencies = [
 "libc",
]
